
Microsoft Visual Studio Solution File, Format Version 12.00
# Visual Studio Version 17
VisualStudioVersion = 17.9.34607.119
MinimumVisualStudioVersion = 10.0.40219.1
Project("{FAE04EC0-301F-11D3-BF4B-00C04F79EFBC}") = "ModuleFourAssignment", "ModuleFourAssignment.csproj", "{C63EF7BE-4429-4DE8-9DB1-2149690619F0}"
EndProject
Global
	GlobalSection(SolutionConfigurationPlatforms) = preSolution
		Debug|Any CPU = Debug|Any CPU
		Release|Any CPU = Release|Any CPU
	EndGlobalSection
	GlobalSection(ProjectConfigurationPlatforms) = postSolution
		{C63EF7BE-4429-4DE8-9DB1-2149690619F0}.Debug|Any CPU.ActiveCfg = Debug|Any CPU
		{C63EF7BE-4429-4DE8-9DB1-2149690619F0}.Debug|Any CPU.Build.0 = Debug|Any CPU
		{C63EF7BE-4429-4DE8-9DB1-2149690619F0}.Release|Any CPU.ActiveCfg = Release|Any CPU
		{C63EF7BE-4429-4DE8-9DB1-2149690619F0}.Release|Any CPU.Build.0 = Release|Any CPU
	EndGlobalSection
	GlobalSection(SolutionProperties) = preSolution
		HideSolutionNode = FALSE
	EndGlobalSection
	GlobalSection(ExtensibilityGlobals) = postSolution
		SolutionGuid = {73550E30-F6B3-4A41-A6C6-06CE8FC539DC}
	EndGlobalSection
EndGlobal
